// !$*UTF8*$!
{
	archiveVersion = 1;
	classes = {
	};
	objectVersion = 46;
	objects = {

/* Begin PBXBuildFile section */
		3A2329501E98B36400902A63 /* AppDelegate.swift in Sources */ = {isa = PBXBuildFile; fileRef = 3A23294F1E98B36400902A63 /* AppDelegate.swift */; };
		3A2329521E98B36400902A63 /* MasterViewController.swift in Sources */ = {isa = PBXBuildFile; fileRef = 3A2329511E98B36400902A63 /* MasterViewController.swift */; };
		3A2329541E98B36400902A63 /* DetailViewController.swift in Sources */ = {isa = PBXBuildFile; fileRef = 3A2329531E98B36400902A63 /* DetailViewController.swift */; };
		3A2329571E98B36400902A63 /* Main.storyboard in Resources */ = {isa = PBXBuildFile; fileRef = 3A2329551E98B36400902A63 /* Main.storyboard */; };
		3A2329591E98B36400902A63 /* Assets.xcassets in Resources */ = {isa = PBXBuildFile; fileRef = 3A2329581E98B36400902A63 /* Assets.xcassets */; };
		3A23295C1E98B36400902A63 /* LaunchScreen.storyboard in Resources */ = {isa = PBXBuildFile; fileRef = 3A23295A1E98B36400902A63 /* LaunchScreen.storyboard */; };
		3A2329671E98B36400902A63 /* PCfreegameTests.swift in Sources */ = {isa = PBXBuildFile; fileRef = 3A2329661E98B36400902A63 /* PCfreegameTests.swift */; };
		3A2329721E98B36400902A63 /* PCfreegameUITests.swift in Sources */ = {isa = PBXBuildFile; fileRef = 3A2329711E98B36400902A63 /* PCfreegameUITests.swift */; };
/* End PBXBuildFile section */

/* Begin PBXContainerItemProxy section */
		3A2329631E98B36400902A63 /* PBXContainerItemProxy */ = {
			isa = PBXContainerItemProxy;
			containerPortal = 3A2329441E98B36300902A63 /* Project object */;
			proxyType = 1;
			remoteGlobalIDString = 3A23294B1E98B36300902A63;
			remoteInfo = PCfreegame;
		};
		3A23296E1E98B36400902A63 /* PBXContainerItemProxy */ = {
			isa = PBXContainerItemProxy;
			containerPortal = 3A2329441E98B36300902A63 /* Project object */;
			proxyType = 1;
			remoteGlobalIDString = 3A23294B1E98B36300902A63;
			remoteInfo = PCfreegame;
		};
/* End PBXContainerItemProxy section */

/* Begin PBXFileReference section */
		3A23294C1E98B36400902A63 /* PCfreegame.app */ = {isa = PBXFileReference; explicitFileType = wrapper.application; includeInIndex = 0; path = PCfreegame.app; sourceTree = BUILT_PRODUCTS_DIR; };
		3A23294F1E98B36400902A63 /* AppDelegate.swift */ = {isa = PBXFileReference; lastKnownFileType = sourcecode.swift; path = AppDelegate.swift; sourceTree = "<group>"; };
		3A2329511E98B36400902A63 /* MasterViewController.swift */ = {isa = PBXFileReference; lastKnownFileType = sourcecode.swift; path = MasterViewController.swift; sourceTree = "<group>"; };
		3A2329531E98B36400902A63 /* DetailViewController.swift */ = {isa = PBXFileReference; lastKnownFileType = sourcecode.swift; path = DetailViewController.swift; sourceTree = "<group>"; };
		3A2329561E98B36400902A63 /* Base */ = {isa = PBXFileReference; lastKnownFileType = file.storyboard; name = Base; path = Base.lproj/Main.storyboard; sourceTree = "<group>"; };
		3A2329581E98B36400902A63 /* Assets.xcassets */ = {isa = PBXFileReference; lastKnownFileType = folder.assetcatalog; path = Assets.xcassets; sourceTree = "<group>"; };
		3A23295B1E98B36400902A63 /* Base */ = {isa = PBXFileReference; lastKnownFileType = file.storyboard; name = Base; path = Base.lproj/LaunchScreen.storyboard; sourceTree = "<group>"; };
		3A23295D1E98B36400902A63 /* Info.plist */ = {isa = PBXFileReference; lastKnownFileType = text.plist.xml; path = Info.plist; sourceTree = "<group>"; };
		3A2329621E98B36400902A63 /* PCfreegameTests.xctest */ = {isa = PBXFileReference; explicitFileType = wrapper.cfbundle; includeInIndex = 0; path = PCfreegameTests.xctest; sourceTree = BUILT_PRODUCTS_DIR; };
		3A2329661E98B36400902A63 /* PCfreegameTests.swift */ = {isa = PBXFileReference; lastKnownFileType = sourcecode.swift; path = PCfreegameTests.swift; sourceTree = "<group>"; };
		3A2329681E98B36400902A63 /* Info.plist */ = {isa = PBXFileReference; lastKnownFileType = text.plist.xml; path = Info.plist; sourceTree = "<group>"; };
		3A23296D1E98B36400902A63 /* PCfreegameUITests.xctest */ = {isa = PBXFileReference; explicitFileType = wrapper.cfbundle; includeInIndex = 0; path = PCfreegameUITests.xctest; sourceTree = BUILT_PRODUCTS_DIR; };
		3A2329711E98B36400902A63 /* PCfreegameUITests.swift */ = {isa = PBXFileReference; lastKnownFileType = sourcecode.swift; path = PCfreegameUITests.swift; sourceTree = "<group>"; };
		3A2329731E98B36400902A63 /* Info.plist */ = {isa = PBXFileReference; lastKnownFileType = text.plist.xml; path = Info.plist; sourceTree = "<group>"; };
/* End PBXFileReference section */

/* Begin PBXFrameworksBuildPhase section */
		3A2329491E98B36300902A63 /* Frameworks */ = {
			isa = PBXFrameworksBuildPhase;
			buildActionMask = 2147483647;
			files = (
			);
			runOnlyForDeploymentPostprocessing = 0;
		};
		3A23295F1E98B36400902A63 /* Frameworks */ = {
			isa = PBXFrameworksBuildPhase;
			buildActionMask = 2147483647;
			files = (
			);
			runOnlyForDeploymentPostprocessing = 0;
		};
		3A23296A1E98B36400902A63 /* Frameworks */ = {
			isa = PBXFrameworksBuildPhase;
			buildActionMask = 2147483647;
			files = (
			);
			runOnlyForDeploymentPostprocessing = 0;
		};
/* End PBXFrameworksBuildPhase section */

/* Begin PBXGroup section */
		3A2329431E98B36300902A63 = {
			isa = PBXGroup;
			children = (
				3A23294E1E98B36400902A63 /* PCfreegame */,
				3A2329651E98B36400902A63 /* PCfreegameTests */,
				3A2329701E98B36400902A63 /* PCfreegameUITests */,
				3A23294D1E98B36400902A63 /* Products */,
			);
			sourceTree = "<group>";
		};
		3A23294D1E98B36400902A63 /* Products */ = {
			isa = PBXGroup;
			children = (
				3A23294C1E98B36400902A63 /* PCfreegame.app */,
				3A2329621E98B36400902A63 /* PCfreegameTests.xctest */,
				3A23296D1E98B36400902A63 /* PCfreegameUITests.xctest */,
			);
			name = Products;
			sourceTree = "<group>";
		};
		3A23294E1E98B36400902A63 /* PCfreegame */ = {
			isa = PBXGroup;
			children = (
				3A23294F1E98B36400902A63 /* AppDelegate.swift */,
				3A2329511E98B36400902A63 /* MasterViewController.swift */,
				3A2329531E98B36400902A63 /* DetailViewController.swift */,
				3A2329551E98B36400902A63 /* Main.storyboard */,
				3A2329581E98B36400902A63 /* Assets.xcassets */,
				3A23295A1E98B36400902A63 /* LaunchScreen.storyboard */,
				3A23295D1E98B36400902A63 /* Info.plist */,
			);
			path = PCfreegame;
			sourceTree = "<group>";
		};
		3A2329651E98B36400902A63 /* PCfreegameTests */ = {
			isa = PBXGroup;
			children = (
				3A2329661E98B36400902A63 /* PCfreegameTests.swift */,
				3A2329681E98B36400902A63 /* Info.plist */,
			);
			path = PCfreegameTests;
			sourceTree = "<group>";
		};
		3A2329701E98B36400902A63 /* PCfreegameUITests */ = {
			isa = PBXGroup;
			children = (
				3A2329711E98B36400902A63 /* PCfreegameUITests.swift */,
				3A2329731E98B36400902A63 /* Info.plist */,
			);
			path = PCfreegameUITests;
			sourceTree = "<group>";
		};
/* End PBXGroup section */

/* Begin PBXNativeTarget section */
		3A23294B1E98B36300902A63 /* PCfreegame */ = {
			isa = PBXNativeTarget;
			buildConfigurationList = 3A2329761E98B36400902A63 /* Build configuration list for PBXNativeTarget "PCfreegame" */;
			buildPhases = (
				3A2329481E98B36300902A63 /* Sources */,
				3A2329491E98B36300902A63 /* Frameworks */,
				3A23294A1E98B36300902A63 /* Resources */,
			);
			buildRules = (
			);
			dependencies = (
			);
			name = PCfreegame;
			productName = PCfreegame;
			productReference = 3A23294C1E98B36400902A63 /* PCfreegame.app */;
			productType = "com.apple.product-type.application";
		};
		3A2329611E98B36400902A63 /* PCfreegameTests */ = {
			isa = PBXNativeTarget;
			buildConfigurationList = 3A2329791E98B36400902A63 /* Build configuration list for PBXNativeTarget "PCfreegameTests" */;
			buildPhases = (
				3A23295E1E98B36400902A63 /* Sources */,
				3A23295F1E98B36400902A63 /* Frameworks */,
				3A2329601E98B36400902A63 /* Resources */,
			);
			buildRules = (
			);
			dependencies = (
				3A2329641E98B36400902A63 /* PBXTargetDependency */,
			);
			name = PCfreegameTests;
			productName = PCfreegameTests;
			productReference = 3A2329621E98B36400902A63 /* PCfreegameTests.xctest */;
			productType = "com.apple.product-type.bundle.unit-test";
		};
		3A23296C1E98B36400902A63 /* PCfreegameUITests */ = {
			isa = PBXNativeTarget;
			buildConfigurationList = 3A23297C1E98B36400902A63 /* Build configuration list for PBXNativeTarget "PCfreegameUITests" */;
			buildPhases = (
				3A2329691E98B36400902A63 /* Sources */,
				3A23296A1E98B36400902A63 /* Frameworks */,
				3A23296B1E98B36400902A63 /* Resources */,
			);
			buildRules = (
			);
			dependencies = (
				3A23296F1E98B36400902A63 /* PBXTargetDependency */,
			);
			name = PCfreegameUITests;
			productName = PCfreegameUITests;
			productReference = 3A23296D1E98B36400902A63 /* PCfreegameUITests.xctest */;
			productType = "com.apple.product-type.bundle.ui-testing";
		};
/* End PBXNativeTarget section */

/* Begin PBXProject section */
		3A2329441E98B36300902A63 /* Project object */ = {
			isa = PBXProject;
			attributes = {
				LastSwiftUpdateCheck = 0820;
				LastUpgradeCheck = 0820;
				ORGANIZATIONNAME = "平真衣";
				TargetAttributes = {
					3A23294B1E98B36300902A63 = {
						CreatedOnToolsVersion = 8.2.1;
						ProvisioningStyle = Automatic;
					};
					3A2329611E98B36400902A63 = {
						CreatedOnToolsVersion = 8.2.1;
						ProvisioningStyle = Automatic;
						TestTargetID = 3A23294B1E98B36300902A63;
					};
					3A23296C1E98B36400902A63 = {
						CreatedOnToolsVersion = 8.2.1;
						ProvisioningStyle = Automatic;
						TestTargetID = 3A23294B1E98B36300902A63;
					};
				};
			};
			buildConfigurationList = 3A2329471E98B36300902A63 /* Build configuration list for PBXProject "PCfreegame" */;
			compatibilityVersion = "Xcode 3.2";
			developmentRegion = English;
			hasScannedForEncodings = 0;
			knownRegions = (
				en,
				Base,
			);
			mainGroup = 3A2329431E98B36300902A63;
			productRefGroup = 3A23294D1E98B36400902A63 /* Products */;
			projectDirPath = "";
			projectRoot = "";
			targets = (
				3A23294B1E98B36300902A63 /* PCfreegame */,
				3A2329611E98B36400902A63 /* PCfreegameTests */,
				3A23296C1E98B36400902A63 /* PCfreegameUITests */,
			);
		};
/* End PBXProject section */

/* Begin PBXResourcesBuildPhase section */
		3A23294A1E98B36300902A63 /* Resources */ = {
			isa = PBXResourcesBuildPhase;
			buildActionMask = 2147483647;
			files = (
				3A23295C1E98B36400902A63 /* LaunchScreen.storyboard in Resources */,
				3A2329591E98B36400902A63 /* Assets.xcassets in Resources */,
				3A2329571E98B36400902A63 /* Main.storyboard in Resources */,
			);
			runOnlyForDeploymentPostprocessing = 0;
		};
		3A2329601E98B36400902A63 /* Resources */ = {
			isa = PBXResourcesBuildPhase;
			buildActionMask = 2147483647;
			files = (
			);
			runOnlyForDeploymentPostprocessing = 0;
		};
		3A23296B1E98B36400902A63 /* Resources */ = {
			isa = PBXResourcesBuildPhase;
			buildActionMask = 2147483647;
			files = (
			);
			runOnlyForDeploymentPostprocessing = 0;
		};
/* End PBXResourcesBuildPhase section */

/* Begin PBXSourcesBuildPhase section */
		3A2329481E98B36300902A63 /* Sources */ = {
			isa = PBXSourcesBuildPhase;
			buildActionMask = 2147483647;
			files = (
				3A2329541E98B36400902A63 /* DetailViewController.swift in Sources */,
				3A2329521E98B36400902A63 /* MasterViewController.swift in Sources */,
				3A2329501E98B36400902A63 /* AppDelegate.swift in Sources */,
			);
			runOnlyForDeploymentPostprocessing = 0;
		};
		3A23295E1E98B36400902A63 /* Sources */ = {
			isa = PBXSourcesBuildPhase;
			buildActionMask = 2147483647;
			files = (
				3A2329671E98B36400902A63 /* PCfreegameTests.swift in Sources */,
			);
			runOnlyForDeploymentPostprocessing = 0;
		};
		3A2329691E98B36400902A63 /* Sources */ = {
			isa = PBXSourcesBuildPhase;
			buildActionMask = 2147483647;
			files = (
				3A2329721E98B36400902A63 /* PCfreegameUITests.swift in Sources */,
			);
			runOnlyForDeploymentPostprocessing = 0;
		};
/* End PBXSourcesBuildPhase section */

/* Begin PBXTargetDependency section */
		3A2329641E98B36400902A63 /* PBXTargetDependency */ = {
			isa = PBXTargetDependency;
			target = 3A23294B1E98B36300902A63 /* PCfreegame */;
			targetProxy = 3A2329631E98B36400902A63 /* PBXContainerItemProxy */;
		};
		3A23296F1E98B36400902A63 /* PBXTargetDependency */ = {
			isa = PBXTargetDependency;
			target = 3A23294B1E98B36300902A63 /* PCfreegame */;
			targetProxy = 3A23296E1E98B36400902A63 /* PBXContainerItemProxy */;
		};
/* End PBXTargetDependency section */

/* Begin PBXVariantGroup section */
		3A2329551E98B36400902A63 /* Main.storyboard */ = {
			isa = PBXVariantGroup;
			children = (
				3A2329561E98B36400902A63 /* Base */,
			);
			name = Main.storyboard;
			sourceTree = "<group>";
		};
		3A23295A1E98B36400902A63 /* LaunchScreen.storyboard */ = {
			isa = PBXVariantGroup;
			children = (
				3A23295B1E98B36400902A63 /* Base */,
			);
			name = LaunchScreen.storyboard;
			sourceTree = "<group>";
		};
/* End PBXVariantGroup section */

/* Begin XCBuildConfiguration section */
		3A2329741E98B36400902A63 /* Debug */ = {
			isa = XCBuildConfiguration;
			buildSettings = {
				ALWAYS_SEARCH_USER_PATHS = NO;
				CLANG_ANALYZER_NONNULL = YES;
				CLANG_CXX_LANGUAGE_STANDARD = "gnu++0x";
				CLANG_CXX_LIBRARY = "libc++";
				CLANG_ENABLE_MODULES = YES;
				CLANG_ENABLE_OBJC_ARC = YES;
				CLANG_WARN_BOOL_CONVERSION = YES;
				CLANG_WARN_CONSTANT_CONVERSION = YES;
				CLANG_WARN_DIRECT_OBJC_ISA_USAGE = YES_ERROR;
				CLANG_WARN_DOCUMENTATION_COMMENTS = YES;
				CLANG_WARN_EMPTY_BODY = YES;
				CLANG_WARN_ENUM_CONVERSION = YES;
				CLANG_WARN_INFINITE_RECURSION = YES;
				CLANG_WARN_INT_CONVERSION = YES;
				CLANG_WARN_OBJC_ROOT_CLASS = YES_ERROR;
				CLANG_WARN_SUSPICIOUS_MOVE = YES;
				CLANG_WARN_UNREACHABLE_CODE = YES;
				CLANG_WARN__DUPLICATE_METHOD_MATCH = YES;
				"CODE_SIGN_IDENTITY[sdk=iphoneos*]" = "iPhone Developer";
				COPY_PHASE_STRIP = NO;
				DEBUG_INFORMATION_FORMAT = dwarf;
				ENABLE_STRICT_OBJC_MSGSEND = YES;
				ENABLE_TESTABILITY = YES;
				GCC_C_LANGUAGE_STANDARD = gnu99;
				GCC_DYNAMIC_NO_PIC = NO;
				GCC_NO_COMMON_BLOCKS = YES;
				GCC_OPTIMIZATION_LEVEL = 0;
				GCC_PREPROCESSOR_DEFINITIONS = (
					"DEBUG=1",
					"$(inherited)",
				);
				GCC_WARN_64_TO_32_BIT_CONVERSION = YES;
				GCC_WARN_ABOUT_RETURN_TYPE = YES_ERROR;
				GCC_WARN_UNDECLARED_SELECTOR = YES;
				GCC_WARN_UNINITIALIZED_AUTOS = YES_AGGRESSIVE;
				GCC_WARN_UNUSED_FUNCTION = YES;
				GCC_WARN_UNUSED_VARIABLE = YES;
				IPHONEOS_DEPLOYMENT_TARGET = 10.2;
				MTL_ENABLE_DEBUG_INFO = YES;
				ONLY_ACTIVE_ARCH = YES;
				SDKROOT = iphoneos;
				SWIFT_ACTIVE_COMPILATION_CONDITIONS = DEBUG;
				SWIFT_OPTIMIZATION_LEVEL = "-Onone";
			};
			name = Debug;
		};
		3A2329751E98B36400902A63 /* Release */ = {
			isa = XCBuildConfiguration;
			buildSettings = {
				ALWAYS_SEARCH_USER_PATHS = NO;
				CLANG_ANALYZER_NONNULL = YES;
				CLANG_CXX_LANGUAGE_STANDARD = "gnu++0x";
				CLANG_CXX_LIBRARY = "libc++";
				CLANG_ENABLE_MODULES = YES;
				CLANG_ENABLE_OBJC_ARC = YES;
				CLANG_WARN_BOOL_CONVERSION = YES;
				CLANG_WARN_CONSTANT_CONVERSION = YES;
				CLANG_WARN_DIRECT_OBJC_ISA_USAGE = YES_ERROR;
				CLANG_WARN_DOCUMENTATION_COMMENTS = YES;
				CLANG_WARN_EMPTY_BODY = YES;
				CLANG_WARN_ENUM_CONVERSION = YES;
				CLANG_WARN_INFINITE_RECURSION = YES;
				CLANG_WARN_INT_CONVERSION = YES;
				CLANG_WARN_OBJC_ROOT_CLASS = YES_ERROR;
				CLANG_WARN_SUSPICIOUS_MOVE = YES;
				CLANG_WARN_UNREACHABLE_CODE = YES;
				CLANG_WARN__DUPLICATE_METHOD_MATCH = YES;
				"CODE_SIGN_IDENTITY[sdk=iphoneos*]" = "iPhone Developer";
				COPY_PHASE_STRIP = NO;
				DEBUG_INFORMATION_FORMAT = "dwarf-with-dsym";
				ENABLE_NS_ASSERTIONS = NO;
				ENABLE_STRICT_OBJC_MSGSEND = YES;
				GCC_C_LANGUAGE_STANDARD = gnu99;
				GCC_NO_COMMON_BLOCKS = YES;
				GCC_WARN_64_TO_32_BIT_CONVERSION = YES;
				GCC_WARN_ABOUT_RETURN_TYPE = YES_ERROR;
				GCC_WARN_UNDECLARED_SELECTOR = YES;
				GCC_WARN_UNINITIALIZED_AUTOS = YES_AGGRESSIVE;
				GCC_WARN_UNUSED_FUNCTION = YES;
				GCC_WARN_UNUSED_VARIABLE = YES;
				IPHONEOS_DEPLOYMENT_TARGET = 10.2;
				MTL_ENABLE_DEBUG_INFO = NO;
				SDKROOT = iphoneos;
				SWIFT_OPTIMIZATION_LEVEL = "-Owholemodule";
				VALIDATE_PRODUCT = YES;
			};
			name = Release;
		};
		3A2329771E98B36400902A63 /* Debug */ = {
			isa = XCBuildConfiguration;
			buildSettings = {
				ASSETCATALOG_COMPILER_APPICON_NAME = AppIcon;
				INFOPLIST_FILE = PCfreegame/Info.plist;
				LD_RUNPATH_SEARCH_PATHS = "$(inherited) @executable_path/Frameworks";
				PRODUCT_BUNDLE_IDENTIFIER = com.litech.PCfreegame;
				PRODUCT_NAME = "$(TARGET_NAME)";
				SWIFT_VERSION = 3.0;
			};
			name = Debug;
		};
		3A2329781E98B36400902A63 /* Release */ = {
			isa = XCBuildConfiguration;
			buildSettings = {
				ASSETCATALOG_COMPILER_APPICON_NAME = AppIcon;
				INFOPLIST_FILE = PCfreegame/Info.plist;
				LD_RUNPATH_SEARCH_PATHS = "$(inherited) @executable_path/Frameworks";
				PRODUCT_BUNDLE_IDENTIFIER = com.litech.PCfreegame;
				PRODUCT_NAME = "$(TARGET_NAME)";
				SWIFT_VERSION = 3.0;
			};
			name = Release;
		};
		3A23297A1E98B36400902A63 /* Debug */ = {
			isa = XCBuildConfiguration;
			buildSettings = {
				ALWAYS_EMBED_SWIFT_STANDARD_LIBRARIES = YES;
				BUNDLE_LOADER = "$(TEST_HOST)";
				INFOPLIST_FILE = PCfreegameTests/Info.plist;
				LD_RUNPATH_SEARCH_PATHS = "$(inherited) @executable_path/Frameworks @loader_path/Frameworks";
				PRODUCT_BUNDLE_IDENTIFIER = com.litech.PCfreegameTests;
				PRODUCT_NAME = "$(TARGET_NAME)";
				SWIFT_VERSION = 3.0;
				TEST_HOST = "$(BUILT_PRODUCTS_DIR)/PCfreegame.app/PCfreegame";
			};
			name = Debug;
		};
		3A23297B1E98B36400902A63 /* Release */ = {
			isa = XCBuildConfiguration;
			buildSettings = {
				ALWAYS_EMBED_SWIFT_STANDARD_LIBRARIES = YES;
				BUNDLE_LOADER = "$(TEST_HOST)";
				INFOPLIST_FILE = PCfreegameTests/Info.plist;
				LD_RUNPATH_SEARCH_PATHS = "$(inherited) @executable_path/Frameworks @loader_path/Frameworks";
				PRODUCT_BUNDLE_IDENTIFIER = com.litech.PCfreegameTests;
				PRODUCT_NAME = "$(TARGET_NAME)";
				SWIFT_VERSION = 3.0;
				TEST_HOST = "$(BUILT_PRODUCTS_DIR)/PCfreegame.app/PCfreegame";
			};
			name = Release;
		};
		3A23297D1E98B36400902A63 /* Debug */ = {
			isa = XCBuildConfiguration;
			buildSettings = {
				ALWAYS_EMBED_SWIFT_STANDARD_LIBRARIES = YES;
				INFOPLIST_FILE = PCfreegameUITests/Info.plist;
				LD_RUNPATH_SEARCH_PATHS = "$(inherited) @executable_path/Frameworks @loader_path/Frameworks";
				PRODUCT_BUNDLE_IDENTIFIER = com.litech.PCfreegameUITests;
				PRODUCT_NAME = "$(TARGET_NAME)";
				SWIFT_VERSION = 3.0;
				TEST_TARGET_NAME = PCfreegame;
			};
			name = Debug;
		};
		3A23297E1E98B36400902A63 /* Release */ = {
			isa = XCBuildConfiguration;
			buildSettings = {
				ALWAYS_EMBED_SWIFT_STANDARD_LIBRARIES = YES;
				INFOPLIST_FILE = PCfreegameUITests/Info.plist;
				LD_RUNPATH_SEARCH_PATHS = "$(inherited) @executable_path/Frameworks @loader_path/Frameworks";
				PRODUCT_BUNDLE_IDENTIFIER = com.litech.PCfreegameUITests;
				PRODUCT_NAME = "$(TARGET_NAME)";
				SWIFT_VERSION = 3.0;
				TEST_TARGET_NAME = PCfreegame;
			};
			name = Release;
		};
/* End XCBuildConfiguration section */

/* Begin XCConfigurationList section */
		3A2329471E98B36300902A63 /* Build configuration list for PBXProject "PCfreegame" */ = {
			isa = XCConfigurationList;
			buildConfigurations = (
				3A2329741E98B36400902A63 /* Debug */,
				3A2329751E98B36400902A63 /* Release */,
			);
			defaultConfigurationIsVisible = 0;
			defaultConfigurationName = Release;
		};
		3A2329761E98B36400902A63 /* Build configuration list for PBXNativeTarget "PCfreegame" */ = {
			isa = XCConfigurationList;
			buildConfigurations = (
				3A2329771E98B36400902A63 /* Debug */,
				3A2329781E98B36400902A63 /* Release */,
			);
			defaultConfigurationIsVisible = 0;
		};
		3A2329791E98B36400902A63 /* Build configuration list for PBXNativeTarget "PCfreegameTests" */ = {
			isa = XCConfigurationList;
			buildConfigurations = (
				3A23297A1E98B36400902A63 /* Debug */,
				3A23297B1E98B36400902A63 /* Release */,
			);
			defaultConfigurationIsVisible = 0;
		};
		3A23297C1E98B36400902A63 /* Build configuration list for PBXNativeTarget "PCfreegameUITests" */ = {
			isa = XCConfigurationList;
			buildConfigurations = (
				3A23297D1E98B36400902A63 /* Debug */,
				3A23297E1E98B36400902A63 /* Release */,
			);
			defaultConfigurationIsVisible = 0;
		};
/* End XCConfigurationList section */
	};
	rootObject = 3A2329441E98B36300902A63 /* Project object */;
}
